// !$*UTF8*$!
{
	archiveVersion = 1;
	classes = {
	};
	objectVersion = 46;
	objects = {

/* Begin PBXBuildFile section */
		6D4073941E6D3F2100810F8C /* AudioToolbox.framework in Frameworks */ = {isa = PBXBuildFile; fileRef = 6D4073931E6D3F2100810F8C /* AudioToolbox.framework */; };
		6D4073961E6D3F2700810F8C /* AVFoundation.framework in Frameworks */ = {isa = PBXBuildFile; fileRef = 6D4073951E6D3F2700810F8C /* AVFoundation.framework */; };
		6D4073981E6D3F2F00810F8C /* CoreGraphics.framework in Frameworks */ = {isa = PBXBuildFile; fileRef = 6D4073971E6D3F2F00810F8C /* CoreGraphics.framework */; };
		6D40739A1E6D3F3600810F8C /* CoreMedia.framework in Frameworks */ = {isa = PBXBuildFile; fileRef = 6D4073991E6D3F3600810F8C /* CoreMedia.framework */; };
		6D40739C1E6D3F3D00810F8C /* CoreVideo.framework in Frameworks */ = {isa = PBXBuildFile; fileRef = 6D40739B1E6D3F3D00810F8C /* CoreVideo.framework */; };
		6D40739E1E6D3F4700810F8C /* libbz2.tbd in Frameworks */ = {isa = PBXBuildFile; fileRef = 6D40739D1E6D3F4700810F8C /* libbz2.tbd */; };
		6D4073A01E6D3F5000810F8C /* libz.tbd in Frameworks */ = {isa = PBXBuildFile; fileRef = 6D40739F1E6D3F5000810F8C /* libz.tbd */; };
		6D4073A21E6D3F5A00810F8C /* MediaPlayer.framework in Frameworks */ = {isa = PBXBuildFile; fileRef = 6D4073A11E6D3F5A00810F8C /* MediaPlayer.framework */; };
		6D4073A41E6D3F6300810F8C /* MobileCoreServices.framework in Frameworks */ = {isa = PBXBuildFile; fileRef = 6D4073A31E6D3F6300810F8C /* MobileCoreServices.framework */; };
		6D4073A61E6D3F6B00810F8C /* OpenGLES.framework in Frameworks */ = {isa = PBXBuildFile; fileRef = 6D4073A51E6D3F6B00810F8C /* OpenGLES.framework */; };
		6D4073A81E6D3F7200810F8C /* QuartzCore.framework in Frameworks */ = {isa = PBXBuildFile; fileRef = 6D4073A71E6D3F7200810F8C /* QuartzCore.framework */; };
		6D4073AA1E6D3F7900810F8C /* VideoToolbox.framework in Frameworks */ = {isa = PBXBuildFile; fileRef = 6D4073A91E6D3F7900810F8C /* VideoToolbox.framework */; };
		6D4073B91E6D40EA00810F8C /* AFHTTPSessionManager.m in Sources */ = {isa = PBXBuildFile; fileRef = 6D4073AD1E6D40EA00810F8C /* AFHTTPSessionManager.m */; };
		6D4073BA1E6D40EA00810F8C /* AFNetworkReachabilityManager.m in Sources */ = {isa = PBXBuildFile; fileRef = 6D4073B01E6D40EA00810F8C /* AFNetworkReachabilityManager.m */; };
		6D4073BB1E6D40EA00810F8C /* AFSecurityPolicy.m in Sources */ = {isa = PBXBuildFile; fileRef = 6D4073B21E6D40EA00810F8C /* AFSecurityPolicy.m */; };
		6D4073BC1E6D40EA00810F8C /* AFURLRequestSerialization.m in Sources */ = {isa = PBXBuildFile; fileRef = 6D4073B41E6D40EA00810F8C /* AFURLRequestSerialization.m */; };
		6D4073BD1E6D40EA00810F8C /* AFURLResponseSerialization.m in Sources */ = {isa = PBXBuildFile; fileRef = 6D4073B61E6D40EA00810F8C /* AFURLResponseSerialization.m */; };
		6D4073BE1E6D40EA00810F8C /* AFURLSessionManager.m in Sources */ = {isa = PBXBuildFile; fileRef = 6D4073B81E6D40EA00810F8C /* AFURLSessionManager.m */; };
		6D4073C11E6D42D500810F8C /* GBItemModel.m in Sources */ = {isa = PBXBuildFile; fileRef = 6D4073C01E6D42D400810F8C /* GBItemModel.m */; };
		6D4073D91E6D43C100810F8C /* Info.plist in Resources */ = {isa = PBXBuildFile; fileRef = 6D4073C31E6D43C100810F8C /* Info.plist */; };
		6D4073DA1E6D43C100810F8C /* MJExtensionConst.m in Sources */ = {isa = PBXBuildFile; fileRef = 6D4073C61E6D43C100810F8C /* MJExtensionConst.m */; };
		6D4073DB1E6D43C100810F8C /* MJFoundation.m in Sources */ = {isa = PBXBuildFile; fileRef = 6D4073C81E6D43C100810F8C /* MJFoundation.m */; };
		6D4073DC1E6D43C100810F8C /* MJProperty.m in Sources */ = {isa = PBXBuildFile; fileRef = 6D4073CA1E6D43C100810F8C /* MJProperty.m */; };
		6D4073DD1E6D43C100810F8C /* MJPropertyKey.m in Sources */ = {isa = PBXBuildFile; fileRef = 6D4073CC1E6D43C100810F8C /* MJPropertyKey.m */; };
		6D4073DE1E6D43C100810F8C /* MJPropertyType.m in Sources */ = {isa = PBXBuildFile; fileRef = 6D4073CE1E6D43C100810F8C /* MJPropertyType.m */; };
		6D4073DF1E6D43C100810F8C /* NSObject+MJClass.m in Sources */ = {isa = PBXBuildFile; fileRef = 6D4073D01E6D43C100810F8C /* NSObject+MJClass.m */; };
		6D4073E01E6D43C100810F8C /* NSObject+MJCoding.m in Sources */ = {isa = PBXBuildFile; fileRef = 6D4073D21E6D43C100810F8C /* NSObject+MJCoding.m */; };
		6D4073E11E6D43C100810F8C /* NSObject+MJKeyValue.m in Sources */ = {isa = PBXBuildFile; fileRef = 6D4073D41E6D43C100810F8C /* NSObject+MJKeyValue.m */; };
		6D4073E21E6D43C100810F8C /* NSObject+MJProperty.m in Sources */ = {isa = PBXBuildFile; fileRef = 6D4073D61E6D43C100810F8C /* NSObject+MJProperty.m */; };
		6D4073E31E6D43C100810F8C /* NSString+MJExtension.m in Sources */ = {isa = PBXBuildFile; fileRef = 6D4073D81E6D43C100810F8C /* NSString+MJExtension.m */; };
		6D4073E61E6D46BF00810F8C /* GBPlayingViewController.m in Sources */ = {isa = PBXBuildFile; fileRef = 6D4073E51E6D46BF00810F8C /* GBPlayingViewController.m */; };
		6D4073E81E6D48A700810F8C /* IJKMediaFramework.framework in Frameworks */ = {isa = PBXBuildFile; fileRef = 6D4073E71E6D48A700810F8C /* IJKMediaFramework.framework */; };
		6D4073EB1E6D542500810F8C /* GBItemCell.m in Sources */ = {isa = PBXBuildFile; fileRef = 6D4073EA1E6D542500810F8C /* GBItemCell.m */; };
		6D4073EE1E6D561F00810F8C /* GBItemDetailModel.m in Sources */ = {isa = PBXBuildFile; fileRef = 6D4073ED1E6D561F00810F8C /* GBItemDetailModel.m */; };
		6D40740D1E6D57B300810F8C /* NSData+ImageContentType.m in Sources */ = {isa = PBXBuildFile; fileRef = 6D4073F11E6D57B300810F8C /* NSData+ImageContentType.m */; };
		6D40740E1E6D57B300810F8C /* SDImageCache.m in Sources */ = {isa = PBXBuildFile; fileRef = 6D4073F31E6D57B300810F8C /* SDImageCache.m */; };
		6D40740F1E6D57B300810F8C /* SDWebImageCompat.m in Sources */ = {isa = PBXBuildFile; fileRef = 6D4073F51E6D57B300810F8C /* SDWebImageCompat.m */; };
		6D4074101E6D57B300810F8C /* SDWebImageDecoder.m in Sources */ = {isa = PBXBuildFile; fileRef = 6D4073F71E6D57B300810F8C /* SDWebImageDecoder.m */; };
		6D4074111E6D57B300810F8C /* SDWebImageDownloader.m in Sources */ = {isa = PBXBuildFile; fileRef = 6D4073F91E6D57B300810F8C /* SDWebImageDownloader.m */; };
		6D4074121E6D57B300810F8C /* SDWebImageDownloaderOperation.m in Sources */ = {isa = PBXBuildFile; fileRef = 6D4073FB1E6D57B300810F8C /* SDWebImageDownloaderOperation.m */; };
		6D4074131E6D57B300810F8C /* SDWebImageManager.m in Sources */ = {isa = PBXBuildFile; fileRef = 6D4073FD1E6D57B300810F8C /* SDWebImageManager.m */; };
		6D4074141E6D57B300810F8C /* SDWebImagePrefetcher.m in Sources */ = {isa = PBXBuildFile; fileRef = 6D4074001E6D57B300810F8C /* SDWebImagePrefetcher.m */; };
		6D4074151E6D57B300810F8C /* UIButton+WebCache.m in Sources */ = {isa = PBXBuildFile; fileRef = 6D4074021E6D57B300810F8C /* UIButton+WebCache.m */; };
		6D4074161E6D57B300810F8C /* UIImage+GIF.m in Sources */ = {isa = PBXBuildFile; fileRef = 6D4074041E6D57B300810F8C /* UIImage+GIF.m */; };
		6D4074171E6D57B300810F8C /* UIImage+MultiFormat.m in Sources */ = {isa = PBXBuildFile; fileRef = 6D4074061E6D57B300810F8C /* UIImage+MultiFormat.m */; };
		6D4074181E6D57B300810F8C /* UIImageView+HighlightedWebCache.m in Sources */ = {isa = PBXBuildFile; fileRef = 6D4074081E6D57B300810F8C /* UIImageView+HighlightedWebCache.m */; };
		6D4074191E6D57B300810F8C /* UIImageView+WebCache.m in Sources */ = {isa = PBXBuildFile; fileRef = 6D40740A1E6D57B300810F8C /* UIImageView+WebCache.m */; };
		6D40741A1E6D57B300810F8C /* UIView+WebCacheOperation.m in Sources */ = {isa = PBXBuildFile; fileRef = 6D40740C1E6D57B300810F8C /* UIView+WebCacheOperation.m */; };
		6DB2221A1E693E6C00B4FC6F /* main.m in Sources */ = {isa = PBXBuildFile; fileRef = 6DB222191E693E6C00B4FC6F /* main.m */; };
		6DB222251E693E6C00B4FC6F /* Assets.xcassets in Resources */ = {isa = PBXBuildFile; fileRef = 6DB222241E693E6C00B4FC6F /* Assets.xcassets */; };
		6DB222331E693E6C00B4FC6F /* zhiboTests.m in Sources */ = {isa = PBXBuildFile; fileRef = 6DB222321E693E6C00B4FC6F /* zhiboTests.m */; };
		6DB2223E1E693E6D00B4FC6F /* zhiboUITests.m in Sources */ = {isa = PBXBuildFile; fileRef = 6DB2223D1E693E6D00B4FC6F /* zhiboUITests.m */; };
		6DB222541E69412F00B4FC6F /* AppDelegate.m in Sources */ = {isa = PBXBuildFile; fileRef = 6DB2224D1E69412F00B4FC6F /* AppDelegate.m */; };
		6DB2226B1E69434D00B4FC6F /* MainTabbarController.m in Sources */ = {isa = PBXBuildFile; fileRef = 6DB2226A1E69434D00B4FC6F /* MainTabbarController.m */; };
		6DB2226E1E69438F00B4FC6F /* BaseController.m in Sources */ = {isa = PBXBuildFile; fileRef = 6DB2226D1E69438F00B4FC6F /* BaseController.m */; };
		6DB222741E6943D300B4FC6F /* HomeViewController.m in Sources */ = {isa = PBXBuildFile; fileRef = 6DB222731E6943D300B4FC6F /* HomeViewController.m */; };
		6DB222771E6943E100B4FC6F /* MeViewController.m in Sources */ = {isa = PBXBuildFile; fileRef = 6DB222761E6943E100B4FC6F /* MeViewController.m */; };
		6DB2227A1E6943EB00B4FC6F /* FindViewController.m in Sources */ = {isa = PBXBuildFile; fileRef = 6DB222791E6943EB00B4FC6F /* FindViewController.m */; };
		6DB2227D1E6943F900B4FC6F /* CollectedViewController.m in Sources */ = {isa = PBXBuildFile; fileRef = 6DB2227C1E6943F900B4FC6F /* CollectedViewController.m */; };
/* End PBXBuildFile section */

/* Begin PBXContainerItemProxy section */
		6DB2222F1E693E6C00B4FC6F /* PBXContainerItemProxy */ = {
			isa = PBXContainerItemProxy;
			containerPortal = 6DB2220D1E693E6C00B4FC6F /* Project object */;
			proxyType = 1;
			remoteGlobalIDString = 6DB222141E693E6C00B4FC6F;
			remoteInfo = zhibo;
		};
		6DB2223A1E693E6D00B4FC6F /* PBXContainerItemProxy */ = {
			isa = PBXContainerItemProxy;
			containerPortal = 6DB2220D1E693E6C00B4FC6F /* Project object */;
			proxyType = 1;
			remoteGlobalIDString = 6DB222141E693E6C00B4FC6F;
			remoteInfo = zhibo;
		};
/* End PBXContainerItemProxy section */

/* Begin PBXFileReference section */
		6D40738F1E6D025400810F8C /* zhibo.pch */ = {isa = PBXFileReference; fileEncoding = 4; lastKnownFileType = sourcecode.c.h; path = zhibo.pch; sourceTree = "<group>"; };
		6D4073931E6D3F2100810F8C /* AudioToolbox.framework */ = {isa = PBXFileReference; lastKnownFileType = wrapper.framework; name = AudioToolbox.framework; path = System/Library/Frameworks/AudioToolbox.framework; sourceTree = SDKROOT; };
		6D4073951E6D3F2700810F8C /* AVFoundation.framework */ = {isa = PBXFileReference; lastKnownFileType = wrapper.framework; name = AVFoundation.framework; path = System/Library/Frameworks/AVFoundation.framework; sourceTree = SDKROOT; };
		6D4073971E6D3F2F00810F8C /* CoreGraphics.framework */ = {isa = PBXFileReference; lastKnownFileType = wrapper.framework; name = CoreGraphics.framework; path = System/Library/Frameworks/CoreGraphics.framework; sourceTree = SDKROOT; };
		6D4073991E6D3F3600810F8C /* CoreMedia.framework */ = {isa = PBXFileReference; lastKnownFileType = wrapper.framework; name = CoreMedia.framework; path = System/Library/Frameworks/CoreMedia.framework; sourceTree = SDKROOT; };
		6D40739B1E6D3F3D00810F8C /* CoreVideo.framework */ = {isa = PBXFileReference; lastKnownFileType = wrapper.framework; name = CoreVideo.framework; path = System/Library/Frameworks/CoreVideo.framework; sourceTree = SDKROOT; };
		6D40739D1E6D3F4700810F8C /* libbz2.tbd */ = {isa = PBXFileReference; lastKnownFileType = "sourcecode.text-based-dylib-definition"; name = libbz2.tbd; path = usr/lib/libbz2.tbd; sourceTree = SDKROOT; };
		6D40739F1E6D3F5000810F8C /* libz.tbd */ = {isa = PBXFileReference; lastKnownFileType = "sourcecode.text-based-dylib-definition"; name = libz.tbd; path = usr/lib/libz.tbd; sourceTree = SDKROOT; };
		6D4073A11E6D3F5A00810F8C /* MediaPlayer.framework */ = {isa = PBXFileReference; lastKnownFileType = wrapper.framework; name = MediaPlayer.framework; path = System/Library/Frameworks/MediaPlayer.framework; sourceTree = SDKROOT; };
		6D4073A31E6D3F6300810F8C /* MobileCoreServices.framework */ = {isa = PBXFileReference; lastKnownFileType = wrapper.framework; name = MobileCoreServices.framework; path = System/Library/Frameworks/MobileCoreServices.framework; sourceTree = SDKROOT; };
		6D4073A51E6D3F6B00810F8C /* OpenGLES.framework */ = {isa = PBXFileReference; lastKnownFileType = wrapper.framework; name = OpenGLES.framework; path = System/Library/Frameworks/OpenGLES.framework; sourceTree = SDKROOT; };
		6D4073A71E6D3F7200810F8C /* QuartzCore.framework */ = {isa = PBXFileReference; lastKnownFileType = wrapper.framework; name = QuartzCore.framework; path = System/Library/Frameworks/QuartzCore.framework; sourceTree = SDKROOT; };
		6D4073A91E6D3F7900810F8C /* VideoToolbox.framework */ = {isa = PBXFileReference; lastKnownFileType = wrapper.framework; name = VideoToolbox.framework; path = System/Library/Frameworks/VideoToolbox.framework; sourceTree = SDKROOT; };
		6D4073AC1E6D40EA00810F8C /* AFHTTPSessionManager.h */ = {isa = PBXFileReference; fileEncoding = 4; lastKnownFileType = sourcecode.c.h; path = AFHTTPSessionManager.h; sourceTree = "<group>"; };
		6D4073AD1E6D40EA00810F8C /* AFHTTPSessionManager.m */ = {isa = PBXFileReference; fileEncoding = 4; lastKnownFileType = sourcecode.c.objc; path = AFHTTPSessionManager.m; sourceTree = "<group>"; };
		6D4073AE1E6D40EA00810F8C /* AFNetworking.h */ = {isa = PBXFileReference; fileEncoding = 4; lastKnownFileType = sourcecode.c.h; path = AFNetworking.h; sourceTree = "<group>"; };
		6D4073AF1E6D40EA00810F8C /* AFNetworkReachabilityManager.h */ = {isa = PBXFileReference; fileEncoding = 4; lastKnownFileType = sourcecode.c.h; path = AFNetworkReachabilityManager.h; sourceTree = "<group>"; };
		6D4073B01E6D40EA00810F8C /* AFNetworkReachabilityManager.m */ = {isa = PBXFileReference; fileEncoding = 4; lastKnownFileType = sourcecode.c.objc; path = AFNetworkReachabilityManager.m; sourceTree = "<group>"; };
		6D4073B11E6D40EA00810F8C /* AFSecurityPolicy.h */ = {isa = PBXFileReference; fileEncoding = 4; lastKnownFileType = sourcecode.c.h; path = AFSecurityPolicy.h; sourceTree = "<group>"; };
		6D4073B21E6D40EA00810F8C /* AFSecurityPolicy.m */ = {isa = PBXFileReference; fileEncoding = 4; lastKnownFileType = sourcecode.c.objc; path = AFSecurityPolicy.m; sourceTree = "<group>"; };
		6D4073B31E6D40EA00810F8C /* AFURLRequestSerialization.h */ = {isa = PBXFileReference; fileEncoding = 4; lastKnownFileType = sourcecode.c.h; path = AFURLRequestSerialization.h; sourceTree = "<group>"; };
		6D4073B41E6D40EA00810F8C /* AFURLRequestSerialization.m */ = {isa = PBXFileReference; fileEncoding = 4; lastKnownFileType = sourcecode.c.objc; path = AFURLRequestSerialization.m; sourceTree = "<group>"; };
		6D4073B51E6D40EA00810F8C /* AFURLResponseSerialization.h */ = {isa = PBXFileReference; fileEncoding = 4; lastKnownFileType = sourcecode.c.h; path = AFURLResponseSerialization.h; sourceTree = "<group>"; };
		6D4073B61E6D40EA00810F8C /* AFURLResponseSerialization.m */ = {isa = PBXFileReference; fileEncoding = 4; lastKnownFileType = sourcecode.c.objc; path = AFURLResponseSerialization.m; sourceTree = "<group>"; };
		6D4073B71E6D40EA00810F8C /* AFURLSessionManager.h */ = {isa = PBXFileReference; fileEncoding = 4; lastKnownFileType = sourcecode.c.h; path = AFURLSessionManager.h; sourceTree = "<group>"; };
		6D4073B81E6D40EA00810F8C /* AFURLSessionManager.m */ = {isa = PBXFileReference; fileEncoding = 4; lastKnownFileType = sourcecode.c.objc; path = AFURLSessionManager.m; sourceTree = "<group>"; };
		6D4073BF1E6D42D400810F8C /* GBItemModel.h */ = {isa = PBXFileReference; fileEncoding = 4; lastKnownFileType = sourcecode.c.h; path = GBItemModel.h; sourceTree = "<group>"; };
		6D4073C01E6D42D400810F8C /* GBItemModel.m */ = {isa = PBXFileReference; fileEncoding = 4; lastKnownFileType = sourcecode.c.objc; path = GBItemModel.m; sourceTree = "<group>"; };
		6D4073C31E6D43C100810F8C /* Info.plist */ = {isa = PBXFileReference; fileEncoding = 4; lastKnownFileType = text.plist.xml; path = Info.plist; sourceTree = "<group>"; };
		6D4073C41E6D43C100810F8C /* MJExtension.h */ = {isa = PBXFileReference; fileEncoding = 4; lastKnownFileType = sourcecode.c.h; path = MJExtension.h; sourceTree = "<group>"; };
		6D4073C51E6D43C100810F8C /* MJExtensionConst.h */ = {isa = PBXFileReference; fileEncoding = 4; lastKnownFileType = sourcecode.c.h; path = MJExtensionConst.h; sourceTree = "<group>"; };
		6D4073C61E6D43C100810F8C /* MJExtensionConst.m */ = {isa = PBXFileReference; fileEncoding = 4; lastKnownFileType = sourcecode.c.objc; path = MJExtensionConst.m; sourceTree = "<group>"; };
		6D4073C71E6D43C100810F8C /* MJFoundation.h */ = {isa = PBXFileReference; fileEncoding = 4; lastKnownFileType = sourcecode.c.h; path = MJFoundation.h; sourceTree = "<group>"; };
		6D4073C81E6D43C100810F8C /* MJFoundation.m */ = {isa = PBXFileReference; fileEncoding = 4; lastKnownFileType = sourcecode.c.objc; path = MJFoundation.m; sourceTree = "<group>"; };
		6D4073C91E6D43C100810F8C /* MJProperty.h */ = {isa = PBXFileReference; fileEncoding = 4; lastKnownFileType = sourcecode.c.h; path = MJProperty.h; sourceTree = "<group>"; };
		6D4073CA1E6D43C100810F8C /* MJProperty.m */ = {isa = PBXFileReference; fileEncoding = 4; lastKnownFileType = sourcecode.c.objc; path = MJProperty.m; sourceTree = "<group>"; };
		6D4073CB1E6D43C100810F8C /* MJPropertyKey.h */ = {isa = PBXFileReference; fileEncoding = 4; lastKnownFileType = sourcecode.c.h; path = MJPropertyKey.h; sourceTree = "<group>"; };
		6D4073CC1E6D43C100810F8C /* MJPropertyKey.m */ = {isa = PBXFileReference; fileEncoding = 4; lastKnownFileType = sourcecode.c.objc; path = MJPropertyKey.m; sourceTree = "<group>"; };
		6D4073CD1E6D43C100810F8C /* MJPropertyType.h */ = {isa = PBXFileReference; fileEncoding = 4; lastKnownFileType = sourcecode.c.h; path = MJPropertyType.h; sourceTree = "<group>"; };
		6D4073CE1E6D43C100810F8C /* MJPropertyType.m */ = {isa = PBXFileReference; fileEncoding = 4; lastKnownFileType = sourcecode.c.objc; path = MJPropertyType.m; sourceTree = "<group>"; };
		6D4073CF1E6D43C100810F8C /* NSObject+MJClass.h */ = {isa = PBXFileReference; fileEncoding = 4; lastKnownFileType = sourcecode.c.h; path = "NSObject+MJClass.h"; sourceTree = "<group>"; };
		6D4073D01E6D43C100810F8C /* NSObject+MJClass.m */ = {isa = PBXFileReference; fileEncoding = 4; lastKnownFileType = sourcecode.c.objc; path = "NSObject+MJClass.m"; sourceTree = "<group>"; };
		6D4073D11E6D43C100810F8C /* NSObject+MJCoding.h */ = {isa = PBXFileReference; fileEncoding = 4; lastKnownFileType = sourcecode.c.h; path = "NSObject+MJCoding.h"; sourceTree = "<group>"; };
		6D4073D21E6D43C100810F8C /* NSObject+MJCoding.m */ = {isa = PBXFileReference; fileEncoding = 4; lastKnownFileType = sourcecode.c.objc; path = "NSObject+MJCoding.m"; sourceTree = "<group>"; };
		6D4073D31E6D43C100810F8C /* NSObject+MJKeyValue.h */ = {isa = PBXFileReference; fileEncoding = 4; lastKnownFileType = sourcecode.c.h; path = "NSObject+MJKeyValue.h"; sourceTree = "<group>"; };
		6D4073D41E6D43C100810F8C /* NSObject+MJKeyValue.m */ = {isa = PBXFileReference; fileEncoding = 4; lastKnownFileType = sourcecode.c.objc; path = "NSObject+MJKeyValue.m"; sourceTree = "<group>"; };
		6D4073D51E6D43C100810F8C /* NSObject+MJProperty.h */ = {isa = PBXFileReference; fileEncoding = 4; lastKnownFileType = sourcecode.c.h; path = "NSObject+MJProperty.h"; sourceTree = "<group>"; };
		6D4073D61E6D43C100810F8C /* NSObject+MJProperty.m */ = {isa = PBXFileReference; fileEncoding = 4; lastKnownFileType = sourcecode.c.objc; path = "NSObject+MJProperty.m"; sourceTree = "<group>"; };
		6D4073D71E6D43C100810F8C /* NSString+MJExtension.h */ = {isa = PBXFileReference; fileEncoding = 4; lastKnownFileType = sourcecode.c.h; path = "NSString+MJExtension.h"; sourceTree = "<group>"; };
		6D4073D81E6D43C100810F8C /* NSString+MJExtension.m */ = {isa = PBXFileReference; fileEncoding = 4; lastKnownFileType = sourcecode.c.objc; path = "NSString+MJExtension.m"; sourceTree = "<group>"; };
		6D4073E41E6D46BF00810F8C /* GBPlayingViewController.h */ = {isa = PBXFileReference; fileEncoding = 4; lastKnownFileType = sourcecode.c.h; path = GBPlayingViewController.h; sourceTree = "<group>"; };
		6D4073E51E6D46BF00810F8C /* GBPlayingViewController.m */ = {isa = PBXFileReference; fileEncoding = 4; lastKnownFileType = sourcecode.c.objc; path = GBPlayingViewController.m; sourceTree = "<group>"; };
		6D4073E71E6D48A700810F8C /* IJKMediaFramework.framework */ = {isa = PBXFileReference; lastKnownFileType = wrapper.framework; path = IJKMediaFramework.framework; sourceTree = "<group>"; };
		6D4073E91E6D542500810F8C /* GBItemCell.h */ = {isa = PBXFileReference; fileEncoding = 4; lastKnownFileType = sourcecode.c.h; path = GBItemCell.h; sourceTree = "<group>"; };
		6D4073EA1E6D542500810F8C /* GBItemCell.m */ = {isa = PBXFileReference; fileEncoding = 4; lastKnownFileType = sourcecode.c.objc; path = GBItemCell.m; sourceTree = "<group>"; };
		6D4073EC1E6D561F00810F8C /* GBItemDetailModel.h */ = {isa = PBXFileReference; fileEncoding = 4; lastKnownFileType = sourcecode.c.h; path = GBItemDetailModel.h; sourceTree = "<group>"; };
		6D4073ED1E6D561F00810F8C /* GBItemDetailModel.m */ = {isa = PBXFileReference; fileEncoding = 4; lastKnownFileType = sourcecode.c.objc; path = GBItemDetailModel.m; sourceTree = "<group>"; };
		6D4073F01E6D57B300810F8C /* NSData+ImageContentType.h */ = {isa = PBXFileReference; fileEncoding = 4; lastKnownFileType = sourcecode.c.h; path = "NSData+ImageContentType.h"; sourceTree = "<group>"; };
		6D4073F11E6D57B300810F8C /* NSData+ImageContentType.m */ = {isa = PBXFileReference; fileEncoding = 4; lastKnownFileType = sourcecode.c.objc; path = "NSData+ImageContentType.m"; sourceTree = "<group>"; };
		6D4073F21E6D57B300810F8C /* SDImageCache.h */ = {isa = PBXFileReference; fileEncoding = 4; lastKnownFileType = sourcecode.c.h; path = SDImageCache.h; sourceTree = "<group>"; };
		6D4073F31E6D57B300810F8C /* SDImageCache.m */ = {isa = PBXFileReference; fileEncoding = 4; lastKnownFileType = sourcecode.c.objc; path = SDImageCache.m; sourceTree = "<group>"; };
		6D4073F41E6D57B300810F8C /* SDWebImageCompat.h */ = {isa = PBXFileReference; fileEncoding = 4; lastKnownFileType = sourcecode.c.h; path = SDWebImageCompat.h; sourceTree = "<group>"; };
		6D4073F51E6D57B300810F8C /* SDWebImageCompat.m */ = {isa = PBXFileReference; fileEncoding = 4; lastKnownFileType = sourcecode.c.objc; path = SDWebImageCompat.m; sourceTree = "<group>"; };
		6D4073F61E6D57B300810F8C /* SDWebImageDecoder.h */ = {isa = PBXFileReference; fileEncoding = 4; lastKnownFileType = sourcecode.c.h; path = SDWebImageDecoder.h; sourceTree = "<group>"; };
		6D4073F71E6D57B300810F8C /* SDWebImageDecoder.m */ = {isa = PBXFileReference; fileEncoding = 4; lastKnownFileType = sourcecode.c.objc; path = SDWebImageDecoder.m; sourceTree = "<group>"; };
		6D4073F81E6D57B300810F8C /* SDWebImageDownloader.h */ = {isa = PBXFileReference; fileEncoding = 4; lastKnownFileType = sourcecode.c.h; path = SDWebImageDownloader.h; sourceTree = "<group>"; };
		6D4073F91E6D57B300810F8C /* SDWebImageDownloader.m */ = {isa = PBXFileReference; fileEncoding = 4; lastKnownFileType = sourcecode.c.objc; path = SDWebImageDownloader.m; sourceTree = "<group>"; };
		6D4073FA1E6D57B300810F8C /* SDWebImageDownloaderOperation.h */ = {isa = PBXFileReference; fileEncoding = 4; lastKnownFileType = sourcecode.c.h; path = SDWebImageDownloaderOperation.h; sourceTree = "<group>"; };
		6D4073FB1E6D57B300810F8C /* SDWebImageDownloaderOperation.m */ = {isa = PBXFileReference; fileEncoding = 4; lastKnownFileType = sourcecode.c.objc; path = SDWebImageDownloaderOperation.m; sourceTree = "<group>"; };
		6D4073FC1E6D57B300810F8C /* SDWebImageManager.h */ = {isa = PBXFileReference; fileEncoding = 4; lastKnownFileType = sourcecode.c.h; path = SDWebImageManager.h; sourceTree = "<group>"; };
		6D4073FD1E6D57B300810F8C /* SDWebImageManager.m */ = {isa = PBXFileReference; fileEncoding = 4; lastKnownFileType = sourcecode.c.objc; path = SDWebImageManager.m; sourceTree = "<group>"; };
		6D4073FE1E6D57B300810F8C /* SDWebImageOperation.h */ = {isa = PBXFileReference; fileEncoding = 4; lastKnownFileType = sourcecode.c.h; path = SDWebImageOperation.h; sourceTree = "<group>"; };
		6D4073FF1E6D57B300810F8C /* SDWebImagePrefetcher.h */ = {isa = PBXFileReference; fileEncoding = 4; lastKnownFileType = sourcecode.c.h; path = SDWebImagePrefetcher.h; sourceTree = "<group>"; };
		6D4074001E6D57B300810F8C /* SDWebImagePrefetcher.m */ = {isa = PBXFileReference; fileEncoding = 4; lastKnownFileType = sourcecode.c.objc; path = SDWebImagePrefetcher.m; sourceTree = "<group>"; };
		6D4074011E6D57B300810F8C /* UIButton+WebCache.h */ = {isa = PBXFileReference; fileEncoding = 4; lastKnownFileType = sourcecode.c.h; path = "UIButton+WebCache.h"; sourceTree = "<group>"; };
		6D4074021E6D57B300810F8C /* UIButton+WebCache.m */ = {isa = PBXFileReference; fileEncoding = 4; lastKnownFileType = sourcecode.c.objc; path = "UIButton+WebCache.m"; sourceTree = "<group>"; };
		6D4074031E6D57B300810F8C /* UIImage+GIF.h */ = {isa = PBXFileReference; fileEncoding = 4; lastKnownFileType = sourcecode.c.h; path = "UIImage+GIF.h"; sourceTree = "<group>"; };
		6D4074041E6D57B300810F8C /* UIImage+GIF.m */ = {isa = PBXFileReference; fileEncoding = 4; lastKnownFileType = sourcecode.c.objc; path = "UIImage+GIF.m"; sourceTree = "<group>"; };
		6D4074051E6D57B300810F8C /* UIImage+MultiFormat.h */ = {isa = PBXFileReference; fileEncoding = 4; lastKnownFileType = sourcecode.c.h; path = "UIImage+MultiFormat.h"; sourceTree = "<group>"; };
		6D4074061E6D57B300810F8C /* UIImage+MultiFormat.m */ = {isa = PBXFileReference; fileEncoding = 4; lastKnownFileType = sourcecode.c.objc; path = "UIImage+MultiFormat.m"; sourceTree = "<group>"; };
		6D4074071E6D57B300810F8C /* UIImageView+HighlightedWebCache.h */ = {isa = PBXFileReference; fileEncoding = 4; lastKnownFileType = sourcecode.c.h; path = "UIImageView+HighlightedWebCache.h"; sourceTree = "<group>"; };
		6D4074081E6D57B300810F8C /* UIImageView+HighlightedWebCache.m */ = {isa = PBXFileReference; fileEncoding = 4; lastKnownFileType = sourcecode.c.objc; path = "UIImageView+HighlightedWebCache.m"; sourceTree = "<group>"; };
		6D4074091E6D57B300810F8C /* UIImageView+WebCache.h */ = {isa = PBXFileReference; fileEncoding = 4; lastKnownFileType = sourcecode.c.h; path = "UIImageView+WebCache.h"; sourceTree = "<group>"; };
		6D40740A1E6D57B300810F8C /* UIImageView+WebCache.m */ = {isa = PBXFileReference; fileEncoding = 4; lastKnownFileType = sourcecode.c.objc; path = "UIImageView+WebCache.m"; sourceTree = "<group>"; };
		6D40740B1E6D57B300810F8C /* UIView+WebCacheOperation.h */ = {isa = PBXFileReference; fileEncoding = 4; lastKnownFileType = sourcecode.c.h; path = "UIView+WebCacheOperation.h"; sourceTree = "<group>"; };
		6D40740C1E6D57B300810F8C /* UIView+WebCacheOperation.m */ = {isa = PBXFileReference; fileEncoding = 4; lastKnownFileType = sourcecode.c.objc; path = "UIView+WebCacheOperation.m"; sourceTree = "<group>"; };
		6DB222151E693E6C00B4FC6F /* zhibo.app */ = {isa = PBXFileReference; explicitFileType = wrapper.application; includeInIndex = 0; path = zhibo.app; sourceTree = BUILT_PRODUCTS_DIR; };
		6DB222191E693E6C00B4FC6F /* main.m */ = {isa = PBXFileReference; lastKnownFileType = sourcecode.c.objc; path = main.m; sourceTree = "<group>"; };
		6DB222241E693E6C00B4FC6F /* Assets.xcassets */ = {isa = PBXFileReference; lastKnownFileType = folder.assetcatalog; path = Assets.xcassets; sourceTree = "<group>"; };
		6DB222291E693E6C00B4FC6F /* Info.plist */ = {isa = PBXFileReference; lastKnownFileType = text.plist.xml; path = Info.plist; sourceTree = "<group>"; };
		6DB2222E1E693E6C00B4FC6F /* zhiboTests.xctest */ = {isa = PBXFileReference; explicitFileType = wrapper.cfbundle; includeInIndex = 0; path = zhiboTests.xctest; sourceTree = BUILT_PRODUCTS_DIR; };
		6DB222321E693E6C00B4FC6F /* zhiboTests.m */ = {isa = PBXFileReference; lastKnownFileType = sourcecode.c.objc; path = zhiboTests.m; sourceTree = "<group>"; };
		6DB222341E693E6C00B4FC6F /* Info.plist */ = {isa = PBXFileReference; lastKnownFileType = text.plist.xml; path = Info.plist; sourceTree = "<group>"; };
		6DB222391E693E6D00B4FC6F /* zhiboUITests.xctest */ = {isa = PBXFileReference; explicitFileType = wrapper.cfbundle; includeInIndex = 0; path = zhiboUITests.xctest; sourceTree = BUILT_PRODUCTS_DIR; };
		6DB2223D1E693E6D00B4FC6F /* zhiboUITests.m */ = {isa = PBXFileReference; lastKnownFileType = sourcecode.c.objc; path = zhiboUITests.m; sourceTree = "<group>"; };
		6DB2223F1E693E6D00B4FC6F /* Info.plist */ = {isa = PBXFileReference; lastKnownFileType = text.plist.xml; path = Info.plist; sourceTree = "<group>"; };
		6DB2224C1E69412F00B4FC6F /* AppDelegate.h */ = {isa = PBXFileReference; fileEncoding = 4; lastKnownFileType = sourcecode.c.h; path = AppDelegate.h; sourceTree = "<group>"; };
		6DB2224D1E69412F00B4FC6F /* AppDelegate.m */ = {isa = PBXFileReference; fileEncoding = 4; lastKnownFileType = sourcecode.c.objc; path = AppDelegate.m; sourceTree = "<group>"; };
		6DB222691E69434D00B4FC6F /* MainTabbarController.h */ = {isa = PBXFileReference; fileEncoding = 4; lastKnownFileType = sourcecode.c.h; path = MainTabbarController.h; sourceTree = "<group>"; };
		6DB2226A1E69434D00B4FC6F /* MainTabbarController.m */ = {isa = PBXFileReference; fileEncoding = 4; lastKnownFileType = sourcecode.c.objc; path = MainTabbarController.m; sourceTree = "<group>"; };
		6DB2226C1E69438F00B4FC6F /* BaseController.h */ = {isa = PBXFileReference; fileEncoding = 4; lastKnownFileType = sourcecode.c.h; path = BaseController.h; sourceTree = "<group>"; };
		6DB2226D1E69438F00B4FC6F /* BaseController.m */ = {isa = PBXFileReference; fileEncoding = 4; lastKnownFileType = sourcecode.c.objc; path = BaseController.m; sourceTree = "<group>"; };
		6DB222721E6943D300B4FC6F /* HomeViewController.h */ = {isa = PBXFileReference; fileEncoding = 4; lastKnownFileType = sourcecode.c.h; path = HomeViewController.h; sourceTree = "<group>"; };
		6DB222731E6943D300B4FC6F /* HomeViewController.m */ = {isa = PBXFileReference; fileEncoding = 4; lastKnownFileType = sourcecode.c.objc; path = HomeViewController.m; sourceTree = "<group>"; };
		6DB222751E6943E100B4FC6F /* MeViewController.h */ = {isa = PBXFileReference; fileEncoding = 4; lastKnownFileType = sourcecode.c.h; path = MeViewController.h; sourceTree = "<group>"; };
		6DB222761E6943E100B4FC6F /* MeViewController.m */ = {isa = PBXFileReference; fileEncoding = 4; lastKnownFileType = sourcecode.c.objc; path = MeViewController.m; sourceTree = "<group>"; };
		6DB222781E6943EB00B4FC6F /* FindViewController.h */ = {isa = PBXFileReference; fileEncoding = 4; lastKnownFileType = sourcecode.c.h; path = FindViewController.h; sourceTree = "<group>"; };
		6DB222791E6943EB00B4FC6F /* FindViewController.m */ = {isa = PBXFileReference; fileEncoding = 4; lastKnownFileType = sourcecode.c.objc; path = FindViewController.m; sourceTree = "<group>"; };
		6DB2227B1E6943F900B4FC6F /* CollectedViewController.h */ = {isa = PBXFileReference; fileEncoding = 4; lastKnownFileType = sourcecode.c.h; path = CollectedViewController.h; sourceTree = "<group>"; };
		6DB2227C1E6943F900B4FC6F /* CollectedViewController.m */ = {isa = PBXFileReference; fileEncoding = 4; lastKnownFileType = sourcecode.c.objc; path = CollectedViewController.m; sourceTree = "<group>"; };
/* End PBXFileReference section */

/* Begin PBXFrameworksBuildPhase section */
		6DB222121E693E6C00B4FC6F /* Frameworks */ = {
			isa = PBXFrameworksBuildPhase;
			buildActionMask = 2147483647;
			files = (
				6D4073E81E6D48A700810F8C /* IJKMediaFramework.framework in Frameworks */,
				6D4073AA1E6D3F7900810F8C /* VideoToolbox.framework in Frameworks */,
				6D4073A81E6D3F7200810F8C /* QuartzCore.framework in Frameworks */,
				6D4073A61E6D3F6B00810F8C /* OpenGLES.framework in Frameworks */,
				6D4073A41E6D3F6300810F8C /* MobileCoreServices.framework in Frameworks */,
				6D4073A21E6D3F5A00810F8C /* MediaPlayer.framework in Frameworks */,
				6D4073A01E6D3F5000810F8C /* libz.tbd in Frameworks */,
				6D40739E1E6D3F4700810F8C /* libbz2.tbd in Frameworks */,
				6D40739C1E6D3F3D00810F8C /* CoreVideo.framework in Frameworks */,
				6D40739A1E6D3F3600810F8C /* CoreMedia.framework in Frameworks */,
				6D4073981E6D3F2F00810F8C /* CoreGraphics.framework in Frameworks */,
				6D4073961E6D3F2700810F8C /* AVFoundation.framework in Frameworks */,
				6D4073941E6D3F2100810F8C /* AudioToolbox.framework in Frameworks */,
			);
			runOnlyForDeploymentPostprocessing = 0;
		};
		6DB2222B1E693E6C00B4FC6F /* Frameworks */ = {
			isa = PBXFrameworksBuildPhase;
			buildActionMask = 2147483647;
			files = (
			);
			runOnlyForDeploymentPostprocessing = 0;
		};
		6DB222361E693E6D00B4FC6F /* Frameworks */ = {
			isa = PBXFrameworksBuildPhase;
			buildActionMask = 2147483647;
			files = (
			);
			runOnlyForDeploymentPostprocessing = 0;
		};
/* End PBXFrameworksBuildPhase section */

/* Begin PBXGroup section */
		6D4073921E6D3F2100810F8C /* Frameworks */ = {
			isa = PBXGroup;
			children = (
				6D4073A91E6D3F7900810F8C /* VideoToolbox.framework */,
				6D4073A71E6D3F7200810F8C /* QuartzCore.framework */,
				6D4073A51E6D3F6B00810F8C /* OpenGLES.framework */,
				6D4073A31E6D3F6300810F8C /* MobileCoreServices.framework */,
				6D4073A11E6D3F5A00810F8C /* MediaPlayer.framework */,
				6D40739F1E6D3F5000810F8C /* libz.tbd */,
				6D40739D1E6D3F4700810F8C /* libbz2.tbd */,
				6D40739B1E6D3F3D00810F8C /* CoreVideo.framework */,
				6D4073991E6D3F3600810F8C /* CoreMedia.framework */,
				6D4073971E6D3F2F00810F8C /* CoreGraphics.framework */,
				6D4073951E6D3F2700810F8C /* AVFoundation.framework */,
				6D4073931E6D3F2100810F8C /* AudioToolbox.framework */,
			);
			name = Frameworks;
			sourceTree = "<group>";
		};
		6D4073AB1E6D40EA00810F8C /* AFNetworking */ = {
			isa = PBXGroup;
			children = (
				6D4073AC1E6D40EA00810F8C /* AFHTTPSessionManager.h */,
				6D4073AD1E6D40EA00810F8C /* AFHTTPSessionManager.m */,
				6D4073AE1E6D40EA00810F8C /* AFNetworking.h */,
				6D4073AF1E6D40EA00810F8C /* AFNetworkReachabilityManager.h */,
				6D4073B01E6D40EA00810F8C /* AFNetworkReachabilityManager.m */,
				6D4073B11E6D40EA00810F8C /* AFSecurityPolicy.h */,
				6D4073B21E6D40EA00810F8C /* AFSecurityPolicy.m */,
				6D4073B31E6D40EA00810F8C /* AFURLRequestSerialization.h */,
				6D4073B41E6D40EA00810F8C /* AFURLRequestSerialization.m */,
				6D4073B51E6D40EA00810F8C /* AFURLResponseSerialization.h */,
				6D4073B61E6D40EA00810F8C /* AFURLResponseSerialization.m */,
				6D4073B71E6D40EA00810F8C /* AFURLSessionManager.h */,
				6D4073B81E6D40EA00810F8C /* AFURLSessionManager.m */,
			);
			path = AFNetworking;
			sourceTree = "<group>";
		};
		6D4073C21E6D43C100810F8C /* MJExtension */ = {
			isa = PBXGroup;
			children = (
				6D4073C31E6D43C100810F8C /* Info.plist */,
				6D4073C41E6D43C100810F8C /* MJExtension.h */,
				6D4073C51E6D43C100810F8C /* MJExtensionConst.h */,
				6D4073C61E6D43C100810F8C /* MJExtensionConst.m */,
				6D4073C71E6D43C100810F8C /* MJFoundation.h */,
				6D4073C81E6D43C100810F8C /* MJFoundation.m */,
				6D4073C91E6D43C100810F8C /* MJProperty.h */,
				6D4073CA1E6D43C100810F8C /* MJProperty.m */,
				6D4073CB1E6D43C100810F8C /* MJPropertyKey.h */,
				6D4073CC1E6D43C100810F8C /* MJPropertyKey.m */,
				6D4073CD1E6D43C100810F8C /* MJPropertyType.h */,
				6D4073CE1E6D43C100810F8C /* MJPropertyType.m */,
				6D4073CF1E6D43C100810F8C /* NSObject+MJClass.h */,
				6D4073D01E6D43C100810F8C /* NSObject+MJClass.m */,
				6D4073D11E6D43C100810F8C /* NSObject+MJCoding.h */,
				6D4073D21E6D43C100810F8C /* NSObject+MJCoding.m */,
				6D4073D31E6D43C100810F8C /* NSObject+MJKeyValue.h */,
				6D4073D41E6D43C100810F8C /* NSObject+MJKeyValue.m */,
				6D4073D51E6D43C100810F8C /* NSObject+MJProperty.h */,
				6D4073D61E6D43C100810F8C /* NSObject+MJProperty.m */,
				6D4073D71E6D43C100810F8C /* NSString+MJExtension.h */,
				6D4073D81E6D43C100810F8C /* NSString+MJExtension.m */,
			);
			path = MJExtension;
			sourceTree = "<group>";
		};
		6D4073EF1E6D57B300810F8C /* SDWebImage */ = {
			isa = PBXGroup;
			children = (
				6D4073F01E6D57B300810F8C /* NSData+ImageContentType.h */,
				6D4073F11E6D57B300810F8C /* NSData+ImageContentType.m */,
				6D4073F21E6D57B300810F8C /* SDImageCache.h */,
				6D4073F31E6D57B300810F8C /* SDImageCache.m */,
				6D4073F41E6D57B300810F8C /* SDWebImageCompat.h */,
				6D4073F51E6D57B300810F8C /* SDWebImageCompat.m */,
				6D4073F61E6D57B300810F8C /* SDWebImageDecoder.h */,
				6D4073F71E6D57B300810F8C /* SDWebImageDecoder.m */,
				6D4073F81E6D57B300810F8C /* SDWebImageDownloader.h */,
				6D4073F91E6D57B300810F8C /* SDWebImageDownloader.m */,
				6D4073FA1E6D57B300810F8C /* SDWebImageDownloaderOperation.h */,
				6D4073FB1E6D57B300810F8C /* SDWebImageDownloaderOperation.m */,
				6D4073FC1E6D57B300810F8C /* SDWebImageManager.h */,
				6D4073FD1E6D57B300810F8C /* SDWebImageManager.m */,
				6D4073FE1E6D57B300810F8C /* SDWebImageOperation.h */,
				6D4073FF1E6D57B300810F8C /* SDWebImagePrefetcher.h */,
				6D4074001E6D57B300810F8C /* SDWebImagePrefetcher.m */,
				6D4074011E6D57B300810F8C /* UIButton+WebCache.h */,
				6D4074021E6D57B300810F8C /* UIButton+WebCache.m */,
				6D4074031E6D57B300810F8C /* UIImage+GIF.h */,
				6D4074041E6D57B300810F8C /* UIImage+GIF.m */,
				6D4074051E6D57B300810F8C /* UIImage+MultiFormat.h */,
				6D4074061E6D57B300810F8C /* UIImage+MultiFormat.m */,
				6D4074071E6D57B300810F8C /* UIImageView+HighlightedWebCache.h */,
				6D4074081E6D57B300810F8C /* UIImageView+HighlightedWebCache.m */,
				6D4074091E6D57B300810F8C /* UIImageView+WebCache.h */,
				6D40740A1E6D57B300810F8C /* UIImageView+WebCache.m */,
				6D40740B1E6D57B300810F8C /* UIView+WebCacheOperation.h */,
				6D40740C1E6D57B300810F8C /* UIView+WebCacheOperation.m */,
			);
			path = SDWebImage;
			sourceTree = "<group>";
		};
		6DB2220C1E693E6C00B4FC6F = {
			isa = PBXGroup;
			children = (
				6DB222171E693E6C00B4FC6F /* zhibo */,
				6DB222311E693E6C00B4FC6F /* zhiboTests */,
				6DB2223C1E693E6D00B4FC6F /* zhiboUITests */,
				6DB222161E693E6C00B4FC6F /* Products */,
				6D4073921E6D3F2100810F8C /* Frameworks */,
			);
			sourceTree = "<group>";
		};
		6DB222161E693E6C00B4FC6F /* Products */ = {
			isa = PBXGroup;
			children = (
				6DB222151E693E6C00B4FC6F /* zhibo.app */,
				6DB2222E1E693E6C00B4FC6F /* zhiboTests.xctest */,
				6DB222391E693E6D00B4FC6F /* zhiboUITests.xctest */,
			);
			name = Products;
			sourceTree = "<group>";
		};
		6DB222171E693E6C00B4FC6F /* zhibo */ = {
			isa = PBXGroup;
			children = (
				6DB2224B1E69412F00B4FC6F /* AppDelegate */,
				6DB2224E1E69412F00B4FC6F /* Categra */,
				6DB2224F1E69412F00B4FC6F /* Macro */,
				6DB222501E69412F00B4FC6F /* Module */,
				6DB222511E69412F00B4FC6F /* Serviecs */,
				6DB222521E69412F00B4FC6F /* Venders */,
				6DB222241E693E6C00B4FC6F /* Assets.xcassets */,
				6DB222291E693E6C00B4FC6F /* Info.plist */,
				6DB222181E693E6C00B4FC6F /* Supporting Files */,
			);
			path = zhibo;
			sourceTree = "<group>";
		};
		6DB222181E693E6C00B4FC6F /* Supporting Files */ = {
			isa = PBXGroup;
			children = (
				6D4073E71E6D48A700810F8C /* IJKMediaFramework.framework */,
				6DB222191E693E6C00B4FC6F /* main.m */,
				6D40738F1E6D025400810F8C /* zhibo.pch */,
			);
			name = "Supporting Files";
			sourceTree = "<group>";
		};
		6DB222311E693E6C00B4FC6F /* zhiboTests */ = {
			isa = PBXGroup;
			children = (
				6DB222321E693E6C00B4FC6F /* zhiboTests.m */,
				6DB222341E693E6C00B4FC6F /* Info.plist */,
			);
			path = zhiboTests;
			sourceTree = "<group>";
		};
		6DB2223C1E693E6D00B4FC6F /* zhiboUITests */ = {
			isa = PBXGroup;
			children = (
				6DB2223D1E693E6D00B4FC6F /* zhiboUITests.m */,
				6DB2223F1E693E6D00B4FC6F /* Info.plist */,
			);
			path = zhiboUITests;
			sourceTree = "<group>";
		};
		6DB2224B1E69412F00B4FC6F /* AppDelegate */ = {
			isa = PBXGroup;
			children = (
				6DB2224C1E69412F00B4FC6F /* AppDelegate.h */,
				6DB2224D1E69412F00B4FC6F /* AppDelegate.m */,
			);
			path = AppDelegate;
			sourceTree = "<group>";
		};
		6DB2224E1E69412F00B4FC6F /* Categra */ = {
			isa = PBXGroup;
			children = (
			);
			path = Categra;
			sourceTree = "<group>";
		};
		6DB2224F1E69412F00B4FC6F /* Macro */ = {
			isa = PBXGroup;
			children = (
			);
			path = Macro;
			sourceTree = "<group>";
		};
		6DB222501E69412F00B4FC6F /* Module */ = {
			isa = PBXGroup;
			children = (
				6DB222551E6942B600B4FC6F /* Collected */,
				6DB222591E6942B600B4FC6F /* Find */,
				6DB2225D1E6942B600B4FC6F /* Home */,
				6DB222611E6942B600B4FC6F /* Main */,
				6DB222651E6942B600B4FC6F /* Me */,
			);
			path = Module;
			sourceTree = "<group>";
		};
		6DB222511E69412F00B4FC6F /* Serviecs */ = {
			isa = PBXGroup;
			children = (
			);
			path = Serviecs;
			sourceTree = "<group>";
		};
		6DB222521E69412F00B4FC6F /* Venders */ = {
			isa = PBXGroup;
			children = (
				6D4073EF1E6D57B300810F8C /* SDWebImage */,
				6D4073C21E6D43C100810F8C /* MJExtension */,
				6D4073AB1E6D40EA00810F8C /* AFNetworking */,
			);
			path = Venders;
			sourceTree = "<group>";
		};
		6DB222551E6942B600B4FC6F /* Collected */ = {
			isa = PBXGroup;
			children = (
				6DB222561E6942B600B4FC6F /* Controller */,
				6DB222571E6942B600B4FC6F /* Model */,
				6DB222581E6942B600B4FC6F /* View */,
			);
			path = Collected;
			sourceTree = "<group>";
		};
		6DB222561E6942B600B4FC6F /* Controller */ = {
			isa = PBXGroup;
			children = (
				6DB2227B1E6943F900B4FC6F /* CollectedViewController.h */,
				6DB2227C1E6943F900B4FC6F /* CollectedViewController.m */,
			);
			path = Controller;
			sourceTree = "<group>";
		};
		6DB222571E6942B600B4FC6F /* Model */ = {
			isa = PBXGroup;
			children = (
			);
			path = Model;
			sourceTree = "<group>";
		};
		6DB222581E6942B600B4FC6F /* View */ = {
			isa = PBXGroup;
			children = (
			);
			path = View;
			sourceTree = "<group>";
		};
		6DB222591E6942B600B4FC6F /* Find */ = {
			isa = PBXGroup;
			children = (
				6DB2225A1E6942B600B4FC6F /* Controller */,
				6DB2225B1E6942B600B4FC6F /* Model */,
				6DB2225C1E6942B600B4FC6F /* View */,
			);
			path = Find;
			sourceTree = "<group>";
		};
		6DB2225A1E6942B600B4FC6F /* Controller */ = {
			isa = PBXGroup;
			children = (
				6DB222781E6943EB00B4FC6F /* FindViewController.h */,
				6DB222791E6943EB00B4FC6F /* FindViewController.m */,
			);
			path = Controller;
			sourceTree = "<group>";
		};
		6DB2225B1E6942B600B4FC6F /* Model */ = {
			isa = PBXGroup;
			children = (
			);
			path = Model;
			sourceTree = "<group>";
		};
		6DB2225C1E6942B600B4FC6F /* View */ = {
			isa = PBXGroup;
			children = (
			);
			path = View;
			sourceTree = "<group>";
		};
		6DB2225D1E6942B600B4FC6F /* Home */ = {
			isa = PBXGroup;
			children = (
				6DB2225E1E6942B600B4FC6F /* Controller */,
				6DB2225F1E6942B600B4FC6F /* Model */,
				6DB222601E6942B600B4FC6F /* View */,
			);
			path = Home;
			sourceTree = "<group>";
		};
		6DB2225E1E6942B600B4FC6F /* Controller */ = {
			isa = PBXGroup;
			children = (
				6DB222721E6943D300B4FC6F /* HomeViewController.h */,
				6DB222731E6943D300B4FC6F /* HomeViewController.m */,
				6D4073E41E6D46BF00810F8C /* GBPlayingViewController.h */,
				6D4073E51E6D46BF00810F8C /* GBPlayingViewController.m */,
			);
			path = Controller;
			sourceTree = "<group>";
		};
		6DB2225F1E6942B600B4FC6F /* Model */ = {
			isa = PBXGroup;
			children = (
				6D4073BF1E6D42D400810F8C /* GBItemModel.h */,
				6D4073C01E6D42D400810F8C /* GBItemModel.m */,
				6D4073EC1E6D561F00810F8C /* GBItemDetailModel.h */,
				6D4073ED1E6D561F00810F8C /* GBItemDetailModel.m */,
			);
			path = Model;
			sourceTree = "<group>";
		};
		6DB222601E6942B600B4FC6F /* View */ = {
			isa = PBXGroup;
			children = (
				6D4073E91E6D542500810F8C /* GBItemCell.h */,
				6D4073EA1E6D542500810F8C /* GBItemCell.m */,
			);
			path = View;
			sourceTree = "<group>";
		};
		6DB222611E6942B600B4FC6F /* Main */ = {
			isa = PBXGroup;
			children = (
				6DB222621E6942B600B4FC6F /* Controller */,
				6DB222631E6942B600B4FC6F /* Model */,
				6DB222641E6942B600B4FC6F /* View */,
			);
			path = Main;
			sourceTree = "<group>";
		};
		6DB222621E6942B600B4FC6F /* Controller */ = {
			isa = PBXGroup;
			children = (
				6DB222691E69434D00B4FC6F /* MainTabbarController.h */,
				6DB2226A1E69434D00B4FC6F /* MainTabbarController.m */,
				6DB2226C1E69438F00B4FC6F /* BaseController.h */,
				6DB2226D1E69438F00B4FC6F /* BaseController.m */,
			);
			path = Controller;
			sourceTree = "<group>";
		};
		6DB222631E6942B600B4FC6F /* Model */ = {
			isa = PBXGroup;
			children = (
			);
			path = Model;
			sourceTree = "<group>";
		};
		6DB222641E6942B600B4FC6F /* View */ = {
			isa = PBXGroup;
			children = (
			);
			path = View;
			sourceTree = "<group>";
		};
		6DB222651E6942B600B4FC6F /* Me */ = {
			isa = PBXGroup;
			children = (
				6DB222661E6942B600B4FC6F /* Controller */,
				6DB222671E6942B600B4FC6F /* Model */,
				6DB222681E6942B600B4FC6F /* View */,
			);
			path = Me;
			sourceTree = "<group>";
		};
		6DB222661E6942B600B4FC6F /* Controller */ = {
			isa = PBXGroup;
			children = (
				6DB222751E6943E100B4FC6F /* MeViewController.h */,
				6DB222761E6943E100B4FC6F /* MeViewController.m */,
			);
			path = Controller;
			sourceTree = "<group>";
		};
		6DB222671E6942B600B4FC6F /* Model */ = {
			isa = PBXGroup;
			children = (
			);
			path = Model;
			sourceTree = "<group>";
		};
		6DB222681E6942B600B4FC6F /* View */ = {
			isa = PBXGroup;
			children = (
			);
			path = View;
			sourceTree = "<group>";
		};
/* End PBXGroup section */

/* Begin PBXNativeTarget section */
		6DB222141E693E6C00B4FC6F /* zhibo */ = {
			isa = PBXNativeTarget;
			buildConfigurationList = 6DB222421E693E6D00B4FC6F /* Build configuration list for PBXNativeTarget "zhibo" */;
			buildPhases = (
				6DB222111E693E6C00B4FC6F /* Sources */,
				6DB222121E693E6C00B4FC6F /* Frameworks */,
				6DB222131E693E6C00B4FC6F /* Resources */,
			);
			buildRules = (
			);
			dependencies = (
			);
			name = zhibo;
			productName = zhibo;
			productReference = 6DB222151E693E6C00B4FC6F /* zhibo.app */;
			productType = "com.apple.product-type.application";
		};
		6DB2222D1E693E6C00B4FC6F /* zhiboTests */ = {
			isa = PBXNativeTarget;
			buildConfigurationList = 6DB222451E693E6D00B4FC6F /* Build configuration list for PBXNativeTarget "zhiboTests" */;
			buildPhases = (
				6DB2222A1E693E6C00B4FC6F /* Sources */,
				6DB2222B1E693E6C00B4FC6F /* Frameworks */,
				6DB2222C1E693E6C00B4FC6F /* Resources */,
			);
			buildRules = (
			);
			dependencies = (
				6DB222301E693E6C00B4FC6F /* PBXTargetDependency */,
			);
			name = zhiboTests;
			productName = zhiboTests;
			productReference = 6DB2222E1E693E6C00B4FC6F /* zhiboTests.xctest */;
			productType = "com.apple.product-type.bundle.unit-test";
		};
		6DB222381E693E6D00B4FC6F /* zhiboUITests */ = {
			isa = PBXNativeTarget;
			buildConfigurationList = 6DB222481E693E6D00B4FC6F /* Build configuration list for PBXNativeTarget "zhiboUITests" */;
			buildPhases = (
				6DB222351E693E6D00B4FC6F /* Sources */,
				6DB222361E693E6D00B4FC6F /* Frameworks */,
				6DB222371E693E6D00B4FC6F /* Resources */,
			);
			buildRules = (
			);
			dependencies = (
				6DB2223B1E693E6D00B4FC6F /* PBXTargetDependency */,
			);
			name = zhiboUITests;
			productName = zhiboUITests;
			productReference = 6DB222391E693E6D00B4FC6F /* zhiboUITests.xctest */;
			productType = "com.apple.product-type.bundle.ui-testing";
		};
/* End PBXNativeTarget section */

/* Begin PBXProject section */
		6DB2220D1E693E6C00B4FC6F /* Project object */ = {
			isa = PBXProject;
			attributes = {
				LastUpgradeCheck = 0820;
				ORGANIZATIONNAME = wbiao;
				TargetAttributes = {
					6DB222141E693E6C00B4FC6F = {
						CreatedOnToolsVersion = 8.2.1;
						DevelopmentTeam = QWYAH5K4JT;
						ProvisioningStyle = Automatic;
					};
					6DB2222D1E693E6C00B4FC6F = {
						CreatedOnToolsVersion = 8.2.1;
						DevelopmentTeam = QWYAH5K4JT;
						ProvisioningStyle = Automatic;
						TestTargetID = 6DB222141E693E6C00B4FC6F;
					};
					6DB222381E693E6D00B4FC6F = {
						CreatedOnToolsVersion = 8.2.1;
						DevelopmentTeam = QWYAH5K4JT;
						ProvisioningStyle = Automatic;
						TestTargetID = 6DB222141E693E6C00B4FC6F;
					};
				};
			};
			buildConfigurationList = 6DB222101E693E6C00B4FC6F /* Build configuration list for PBXProject "zhibo" */;
			compatibilityVersion = "Xcode 3.2";
			developmentRegion = English;
			hasScannedForEncodings = 0;
			knownRegions = (
				en,
				Base,
			);
			mainGroup = 6DB2220C1E693E6C00B4FC6F;
			productRefGroup = 6DB222161E693E6C00B4FC6F /* Products */;
			projectDirPath = "";
			projectRoot = "";
			targets = (
				6DB222141E693E6C00B4FC6F /* zhibo */,
				6DB2222D1E693E6C00B4FC6F /* zhiboTests */,
				6DB222381E693E6D00B4FC6F /* zhiboUITests */,
			);
		};
/* End PBXProject section */

/* Begin PBXResourcesBuildPhase section */
		6DB222131E693E6C00B4FC6F /* Resources */ = {
			isa = PBXResourcesBuildPhase;
			buildActionMask = 2147483647;
			files = (
				6D4073D91E6D43C100810F8C /* Info.plist in Resources */,
				6DB222251E693E6C00B4FC6F /* Assets.xcassets in Resources */,
			);
			runOnlyForDeploymentPostprocessing = 0;
		};
		6DB2222C1E693E6C00B4FC6F /* Resources */ = {
			isa = PBXResourcesBuildPhase;
			buildActionMask = 2147483647;
			files = (
			);
			runOnlyForDeploymentPostprocessing = 0;
		};
		6DB222371E693E6D00B4FC6F /* Resources */ = {
			isa = PBXResourcesBuildPhase;
			buildActionMask = 2147483647;
			files = (
			);
			runOnlyForDeploymentPostprocessing = 0;
		};
/* End PBXResourcesBuildPhase section */

/* Begin PBXSourcesBuildPhase section */
		6DB222111E693E6C00B4FC6F /* Sources */ = {
			isa = PBXSourcesBuildPhase;
			buildActionMask = 2147483647;
			files = (
				6DB222771E6943E100B4FC6F /* MeViewController.m in Sources */,
				6D4073E11E6D43C100810F8C /* NSObject+MJKeyValue.m in Sources */,
				6DB2226B1E69434D00B4FC6F /* MainTabbarController.m in Sources */,
				6D4073BA1E6D40EA00810F8C /* AFNetworkReachabilityManager.m in Sources */,
				6D4073BE1E6D40EA00810F8C /* AFURLSessionManager.m in Sources */,
				6D4073BC1E6D40EA00810F8C /* AFURLRequestSerialization.m in Sources */,
				6D4073DE1E6D43C100810F8C /* MJPropertyType.m in Sources */,
				6D4073E21E6D43C100810F8C /* NSObject+MJProperty.m in Sources */,
				6D4074121E6D57B300810F8C /* SDWebImageDownloaderOperation.m in Sources */,
				6D4074141E6D57B300810F8C /* SDWebImagePrefetcher.m in Sources */,
				6D40741A1E6D57B300810F8C /* UIView+WebCacheOperation.m in Sources */,
				6D4073E01E6D43C100810F8C /* NSObject+MJCoding.m in Sources */,
				6DB2227D1E6943F900B4FC6F /* CollectedViewController.m in Sources */,
				6D4073BD1E6D40EA00810F8C /* AFURLResponseSerialization.m in Sources */,
				6D4074171E6D57B300810F8C /* UIImage+MultiFormat.m in Sources */,
				6D4073EB1E6D542500810F8C /* GBItemCell.m in Sources */,
				6D4073B91E6D40EA00810F8C /* AFHTTPSessionManager.m in Sources */,
				6D4074151E6D57B300810F8C /* UIButton+WebCache.m in Sources */,
				6D4074161E6D57B300810F8C /* UIImage+GIF.m in Sources */,
				6D4074181E6D57B300810F8C /* UIImageView+HighlightedWebCache.m in Sources */,
				6D4073E61E6D46BF00810F8C /* GBPlayingViewController.m in Sources */,
				6D4073DD1E6D43C100810F8C /* MJPropertyKey.m in Sources */,
				6D4073DA1E6D43C100810F8C /* MJExtensionConst.m in Sources */,
				6DB222541E69412F00B4FC6F /* AppDelegate.m in Sources */,
				6D4073DF1E6D43C100810F8C /* NSObject+MJClass.m in Sources */,
				6D4073EE1E6D561F00810F8C /* GBItemDetailModel.m in Sources */,
				6D40740E1E6D57B300810F8C /* SDImageCache.m in Sources */,
				6D4073C11E6D42D500810F8C /* GBItemModel.m in Sources */,
				6D4074131E6D57B300810F8C /* SDWebImageManager.m in Sources */,
				6DB2226E1E69438F00B4FC6F /* BaseController.m in Sources */,
				6D4074191E6D57B300810F8C /* UIImageView+WebCache.m in Sources */,
				6DB222741E6943D300B4FC6F /* HomeViewController.m in Sources */,
				6D4073DC1E6D43C100810F8C /* MJProperty.m in Sources */,
				6DB2221A1E693E6C00B4FC6F /* main.m in Sources */,
				6D4074111E6D57B300810F8C /* SDWebImageDownloader.m in Sources */,
				6D4073BB1E6D40EA00810F8C /* AFSecurityPolicy.m in Sources */,
				6DB2227A1E6943EB00B4FC6F /* FindViewController.m in Sources */,
				6D4073E31E6D43C100810F8C /* NSString+MJExtension.m in Sources */,
				6D4074101E6D57B300810F8C /* SDWebImageDecoder.m in Sources */,
				6D40740F1E6D57B300810F8C /* SDWebImageCompat.m in Sources */,
				6D40740D1E6D57B300810F8C /* NSData+ImageContentType.m in Sources */,
				6D4073DB1E6D43C100810F8C /* MJFoundation.m in Sources */,
			);
			runOnlyForDeploymentPostprocessing = 0;
		};
		6DB2222A1E693E6C00B4FC6F /* Sources */ = {
			isa = PBXSourcesBuildPhase;
			buildActionMask = 2147483647;
			files = (
				6DB222331E693E6C00B4FC6F /* zhiboTests.m in Sources */,
			);
			runOnlyForDeploymentPostprocessing = 0;
		};
		6DB222351E693E6D00B4FC6F /* Sources */ = {
			isa = PBXSourcesBuildPhase;
			buildActionMask = 2147483647;
			files = (
				6DB2223E1E693E6D00B4FC6F /* zhiboUITests.m in Sources */,
			);
			runOnlyForDeploymentPostprocessing = 0;
		};
/* End PBXSourcesBuildPhase section */

/* Begin PBXTargetDependency section */
		6DB222301E693E6C00B4FC6F /* PBXTargetDependency */ = {
			isa = PBXTargetDependency;
			target = 6DB222141E693E6C00B4FC6F /* zhibo */;
			targetProxy = 6DB2222F1E693E6C00B4FC6F /* PBXContainerItemProxy */;
		};
		6DB2223B1E693E6D00B4FC6F /* PBXTargetDependency */ = {
			isa = PBXTargetDependency;
			target = 6DB222141E693E6C00B4FC6F /* zhibo */;
			targetProxy = 6DB2223A1E693E6D00B4FC6F /* PBXContainerItemProxy */;
		};
/* End PBXTargetDependency section */

/* Begin XCBuildConfiguration section */
		6DB222401E693E6D00B4FC6F /* Debug */ = {
			isa = XCBuildConfiguration;
			buildSettings = {
				ALWAYS_SEARCH_USER_PATHS = NO;
				CLANG_ANALYZER_NONNULL = YES;
				CLANG_CXX_LANGUAGE_STANDARD = "gnu++0x";
				CLANG_CXX_LIBRARY = "libc++";
				CLANG_ENABLE_MODULES = YES;
				CLANG_ENABLE_OBJC_ARC = YES;
				CLANG_WARN_BOOL_CONVERSION = YES;
				CLANG_WARN_CONSTANT_CONVERSION = YES;
				CLANG_WARN_DIRECT_OBJC_ISA_USAGE = YES_ERROR;
				CLANG_WARN_DOCUMENTATION_COMMENTS = YES;
				CLANG_WARN_EMPTY_BODY = YES;
				CLANG_WARN_ENUM_CONVERSION = YES;
				CLANG_WARN_INFINITE_RECURSION = YES;
				CLANG_WARN_INT_CONVERSION = YES;
				CLANG_WARN_OBJC_ROOT_CLASS = YES_ERROR;
				CLANG_WARN_SUSPICIOUS_MOVE = YES;
				CLANG_WARN_UNREACHABLE_CODE = YES;
				CLANG_WARN__DUPLICATE_METHOD_MATCH = YES;
				"CODE_SIGN_IDENTITY[sdk=iphoneos*]" = "iPhone Developer";
				COPY_PHASE_STRIP = NO;
				DEBUG_INFORMATION_FORMAT = dwarf;
				ENABLE_STRICT_OBJC_MSGSEND = YES;
				ENABLE_TESTABILITY = YES;
				GCC_C_LANGUAGE_STANDARD = gnu99;
				GCC_DYNAMIC_NO_PIC = NO;
				GCC_NO_COMMON_BLOCKS = YES;
				GCC_OPTIMIZATION_LEVEL = 0;
				GCC_PREPROCESSOR_DEFINITIONS = (
					"DEBUG=1",
					"$(inherited)",
				);
				GCC_WARN_64_TO_32_BIT_CONVERSION = YES;
				GCC_WARN_ABOUT_RETURN_TYPE = YES_ERROR;
				GCC_WARN_UNDECLARED_SELECTOR = YES;
				GCC_WARN_UNINITIALIZED_AUTOS = YES_AGGRESSIVE;
				GCC_WARN_UNUSED_FUNCTION = YES;
				GCC_WARN_UNUSED_VARIABLE = YES;
				IPHONEOS_DEPLOYMENT_TARGET = 10.2;
				MTL_ENABLE_DEBUG_INFO = YES;
				ONLY_ACTIVE_ARCH = YES;
				SDKROOT = iphoneos;
				TARGETED_DEVICE_FAMILY = "1,2";
			};
			name = Debug;
		};
		6DB222411E693E6D00B4FC6F /* Release */ = {
			isa = XCBuildConfiguration;
			buildSettings = {
				ALWAYS_SEARCH_USER_PATHS = NO;
				CLANG_ANALYZER_NONNULL = YES;
				CLANG_CXX_LANGUAGE_STANDARD = "gnu++0x";
				CLANG_CXX_LIBRARY = "libc++";
				CLANG_ENABLE_MODULES = YES;
				CLANG_ENABLE_OBJC_ARC = YES;
				CLANG_WARN_BOOL_CONVERSION = YES;
				CLANG_WARN_CONSTANT_CONVERSION = YES;
				CLANG_WARN_DIRECT_OBJC_ISA_USAGE = YES_ERROR;
				CLANG_WARN_DOCUMENTATION_COMMENTS = YES;
				CLANG_WARN_EMPTY_BODY = YES;
				CLANG_WARN_ENUM_CONVERSION = YES;
				CLANG_WARN_INFINITE_RECURSION = YES;
				CLANG_WARN_INT_CONVERSION = YES;
				CLANG_WARN_OBJC_ROOT_CLASS = YES_ERROR;
				CLANG_WARN_SUSPICIOUS_MOVE = YES;
				CLANG_WARN_UNREACHABLE_CODE = YES;
				CLANG_WARN__DUPLICATE_METHOD_MATCH = YES;
				"CODE_SIGN_IDENTITY[sdk=iphoneos*]" = "iPhone Developer";
				COPY_PHASE_STRIP = NO;
				DEBUG_INFORMATION_FORMAT = "dwarf-with-dsym";
				ENABLE_NS_ASSERTIONS = NO;
				ENABLE_STRICT_OBJC_MSGSEND = YES;
				GCC_C_LANGUAGE_STANDARD = gnu99;
				GCC_NO_COMMON_BLOCKS = YES;
				GCC_WARN_64_TO_32_BIT_CONVERSION = YES;
				GCC_WARN_ABOUT_RETURN_TYPE = YES_ERROR;
				GCC_WARN_UNDECLARED_SELECTOR = YES;
				GCC_WARN_UNINITIALIZED_AUTOS = YES_AGGRESSIVE;
				GCC_WARN_UNUSED_FUNCTION = YES;
				GCC_WARN_UNUSED_VARIABLE = YES;
				IPHONEOS_DEPLOYMENT_TARGET = 10.2;
				MTL_ENABLE_DEBUG_INFO = NO;
				SDKROOT = iphoneos;
				TARGETED_DEVICE_FAMILY = "1,2";
				VALIDATE_PRODUCT = YES;
			};
			name = Release;
		};
		6DB222431E693E6D00B4FC6F /* Debug */ = {
			isa = XCBuildConfiguration;
			buildSettings = {
				ASSETCATALOG_COMPILER_APPICON_NAME = AppIcon;
				ASSETCATALOG_COMPILER_LAUNCHIMAGE_NAME = LaunchImage;
				DEVELOPMENT_TEAM = QWYAH5K4JT;
				FRAMEWORK_SEARCH_PATHS = (
					"$(inherited)",
					"$(PROJECT_DIR)/zhibo",
				);
				GCC_PRECOMPILE_PREFIX_HEADER = YES;
				GCC_PREFIX_HEADER = zhibo/zhibo.pch;
				INFOPLIST_FILE = zhibo/Info.plist;
				LD_RUNPATH_SEARCH_PATHS = "$(inherited) @executable_path/Frameworks";
				PRODUCT_BUNDLE_IDENTIFIER = wbiao.zhibo;
				PRODUCT_NAME = "$(TARGET_NAME)";
			};
			name = Debug;
		};
		6DB222441E693E6D00B4FC6F /* Release */ = {
			isa = XCBuildConfiguration;
			buildSettings = {
				ASSETCATALOG_COMPILER_APPICON_NAME = AppIcon;
				ASSETCATALOG_COMPILER_LAUNCHIMAGE_NAME = LaunchImage;
				DEVELOPMENT_TEAM = QWYAH5K4JT;
				FRAMEWORK_SEARCH_PATHS = (
					"$(inherited)",
					"$(PROJECT_DIR)/zhibo",
				);
				GCC_PRECOMPILE_PREFIX_HEADER = YES;
				GCC_PREFIX_HEADER = zhibo/zhibo.pch;
				INFOPLIST_FILE = zhibo/Info.plist;
				LD_RUNPATH_SEARCH_PATHS = "$(inherited) @executable_path/Frameworks";
				PRODUCT_BUNDLE_IDENTIFIER = wbiao.zhibo;
				PRODUCT_NAME = "$(TARGET_NAME)";
			};
			name = Release;
		};
		6DB222461E693E6D00B4FC6F /* Debug */ = {
			isa = XCBuildConfiguration;
			buildSettings = {
				BUNDLE_LOADER = "$(TEST_HOST)";
				DEVELOPMENT_TEAM = QWYAH5K4JT;
				INFOPLIST_FILE = zhiboTests/Info.plist;
				LD_RUNPATH_SEARCH_PATHS = "$(inherited) @executable_path/Frameworks @loader_path/Frameworks";
				PRODUCT_BUNDLE_IDENTIFIER = wbiao.zhiboTests;
				PRODUCT_NAME = "$(TARGET_NAME)";
				TEST_HOST = "$(BUILT_PRODUCTS_DIR)/zhibo.app/zhibo";
			};
			name = Debug;
		};
		6DB222471E693E6D00B4FC6F /* Release */ = {
			isa = XCBuildConfiguration;
			buildSettings = {
				BUNDLE_LOADER = "$(TEST_HOST)";
				DEVELOPMENT_TEAM = QWYAH5K4JT;
				INFOPLIST_FILE = zhiboTests/Info.plist;
				LD_RUNPATH_SEARCH_PATHS = "$(inherited) @executable_path/Frameworks @loader_path/Frameworks";
				PRODUCT_BUNDLE_IDENTIFIER = wbiao.zhiboTests;
				PRODUCT_NAME = "$(TARGET_NAME)";
				TEST_HOST = "$(BUILT_PRODUCTS_DIR)/zhibo.app/zhibo";
			};
			name = Release;
		};
		6DB222491E693E6D00B4FC6F /* Debug */ = {
			isa = XCBuildConfiguration;
			buildSettings = {
				DEVELOPMENT_TEAM = QWYAH5K4JT;
				INFOPLIST_FILE = zhiboUITests/Info.plist;
				LD_RUNPATH_SEARCH_PATHS = "$(inherited) @executable_path/Frameworks @loader_path/Frameworks";
				PRODUCT_BUNDLE_IDENTIFIER = wbiao.zhiboUITests;
				PRODUCT_NAME = "$(TARGET_NAME)";
				TEST_TARGET_NAME = zhibo;
			};
			name = Debug;
		};
		6DB2224A1E693E6D00B4FC6F /* Release */ = {
			isa = XCBuildConfiguration;
			buildSettings = {
				DEVELOPMENT_TEAM = QWYAH5K4JT;
				INFOPLIST_FILE = zhiboUITests/Info.plist;
				LD_RUNPATH_SEARCH_PATHS = "$(inherited) @executable_path/Frameworks @loader_path/Frameworks";
				PRODUCT_BUNDLE_IDENTIFIER = wbiao.zhiboUITests;
				PRODUCT_NAME = "$(TARGET_NAME)";
				TEST_TARGET_NAME = zhibo;
			};
			name = Release;
		};
/* End XCBuildConfiguration section */

/* Begin XCConfigurationList section */
		6DB222101E693E6C00B4FC6F /* Build configuration list for PBXProject "zhibo" */ = {
			isa = XCConfigurationList;
			buildConfigurations = (
				6DB222401E693E6D00B4FC6F /* Debug */,
				6DB222411E693E6D00B4FC6F /* Release */,
			);
			defaultConfigurationIsVisible = 0;
			defaultConfigurationName = Release;
		};
		6DB222421E693E6D00B4FC6F /* Build configuration list for PBXNativeTarget "zhibo" */ = {
			isa = XCConfigurationList;
			buildConfigurations = (
				6DB222431E693E6D00B4FC6F /* Debug */,
				6DB222441E693E6D00B4FC6F /* Release */,
			);
			defaultConfigurationIsVisible = 0;
			defaultConfigurationName = Release;
		};
		6DB222451E693E6D00B4FC6F /* Build configuration list for PBXNativeTarget "zhiboTests" */ = {
			isa = XCConfigurationList;
			buildConfigurations = (
				6DB222461E693E6D00B4FC6F /* Debug */,
				6DB222471E693E6D00B4FC6F /* Release */,
			);
			defaultConfigurationIsVisible = 0;
			defaultConfigurationName = Release;
		};
		6DB222481E693E6D00B4FC6F /* Build configuration list for PBXNativeTarget "zhiboUITests" */ = {
			isa = XCConfigurationList;
			buildConfigurations = (
				6DB222491E693E6D00B4FC6F /* Debug */,
				6DB2224A1E693E6D00B4FC6F /* Release */,
			);
			defaultConfigurationIsVisible = 0;
			defaultConfigurationName = Release;
		};
/* End XCConfigurationList section */
	};
	rootObject = 6DB2220D1E693E6C00B4FC6F /* Project object */;
}
